// !$*UTF8*$!
{
	archiveVersion = 1;
	classes = {
	};
	objectVersion = 77;
	objects = {

/* Begin PBXBuildFile section */
		0B5406D9C2CDC60DE6CB1361 /* Pods_CryptiqTests.framework in Frameworks */ = {isa = PBXBuildFile; fileRef = E1640D879F0E47266AD18435 /* Pods_CryptiqTests.framework */; };
		38F97D8375B1E8B565B0389A /* Pods_Cryptiq_CryptiqUITests.framework in Frameworks */ = {isa = PBXBuildFile; fileRef = F4102313E720F9B86B2B15B1 /* Pods_Cryptiq_CryptiqUITests.framework */; };
		7B5D9E764D99BAE6314F868B /* Pods_Cryptiq.framework in Frameworks */ = {isa = PBXBuildFile; fileRef = 6426D298AD563A1C2B46EFF5 /* Pods_Cryptiq.framework */; };
/* End PBXBuildFile section */

/* Begin PBXContainerItemProxy section */
		BBDA9CBF2DCA8C32001685DA /* PBXContainerItemProxy */ = {
			isa = PBXContainerItemProxy;
			containerPortal = BBDA9CA92DCA8C30001685DA /* Project object */;
			proxyType = 1;
			remoteGlobalIDString = BBDA9CB02DCA8C30001685DA;
			remoteInfo = Cryptiq;
		};
		BBDA9CC92DCA8C32001685DA /* PBXContainerItemProxy */ = {
			isa = PBXContainerItemProxy;
			containerPortal = BBDA9CA92DCA8C30001685DA /* Project object */;
			proxyType = 1;
			remoteGlobalIDString = BBDA9CB02DCA8C30001685DA;
			remoteInfo = Cryptiq;
		};
/* End PBXContainerItemProxy section */

/* Begin PBXFileReference section */
		0B1017EA0123690FA4A7484F /* Pods-Cryptiq-CryptiqUITests.release.xcconfig */ = {isa = PBXFileReference; includeInIndex = 1; lastKnownFileType = text.xcconfig; name = "Pods-Cryptiq-CryptiqUITests.release.xcconfig"; path = "Target Support Files/Pods-Cryptiq-CryptiqUITests/Pods-Cryptiq-CryptiqUITests.release.xcconfig"; sourceTree = "<group>"; };
		452BF0DEC842D7DA4C11C5C7 /* Pods-CryptiqTests.debug.xcconfig */ = {isa = PBXFileReference; includeInIndex = 1; lastKnownFileType = text.xcconfig; name = "Pods-CryptiqTests.debug.xcconfig"; path = "Target Support Files/Pods-CryptiqTests/Pods-CryptiqTests.debug.xcconfig"; sourceTree = "<group>"; };
		6426D298AD563A1C2B46EFF5 /* Pods_Cryptiq.framework */ = {isa = PBXFileReference; explicitFileType = wrapper.framework; includeInIndex = 0; path = Pods_Cryptiq.framework; sourceTree = BUILT_PRODUCTS_DIR; };
		68BEC48D7DD20CFFF226C939 /* Pods-Cryptiq-CryptiqUITests.debug.xcconfig */ = {isa = PBXFileReference; includeInIndex = 1; lastKnownFileType = text.xcconfig; name = "Pods-Cryptiq-CryptiqUITests.debug.xcconfig"; path = "Target Support Files/Pods-Cryptiq-CryptiqUITests/Pods-Cryptiq-CryptiqUITests.debug.xcconfig"; sourceTree = "<group>"; };
		A61605CED1DAD7E602AEAD6D /* Pods-CryptiqTests.release.xcconfig */ = {isa = PBXFileReference; includeInIndex = 1; lastKnownFileType = text.xcconfig; name = "Pods-CryptiqTests.release.xcconfig"; path = "Target Support Files/Pods-CryptiqTests/Pods-CryptiqTests.release.xcconfig"; sourceTree = "<group>"; };
		AADFA8BB21EDEB96C450F3F1 /* Pods-Cryptiq.release.xcconfig */ = {isa = PBXFileReference; includeInIndex = 1; lastKnownFileType = text.xcconfig; name = "Pods-Cryptiq.release.xcconfig"; path = "Target Support Files/Pods-Cryptiq/Pods-Cryptiq.release.xcconfig"; sourceTree = "<group>"; };
		BBDA9CB12DCA8C30001685DA /* Cryptiq.app */ = {isa = PBXFileReference; explicitFileType = wrapper.application; includeInIndex = 0; path = Cryptiq.app; sourceTree = BUILT_PRODUCTS_DIR; };
		BBDA9CBE2DCA8C32001685DA /* CryptiqTests.xctest */ = {isa = PBXFileReference; explicitFileType = wrapper.cfbundle; includeInIndex = 0; path = CryptiqTests.xctest; sourceTree = BUILT_PRODUCTS_DIR; };
		BBDA9CC82DCA8C32001685DA /* CryptiqUITests.xctest */ = {isa = PBXFileReference; explicitFileType = wrapper.cfbundle; includeInIndex = 0; path = CryptiqUITests.xctest; sourceTree = BUILT_PRODUCTS_DIR; };
		E1640D879F0E47266AD18435 /* Pods_CryptiqTests.framework */ = {isa = PBXFileReference; explicitFileType = wrapper.framework; includeInIndex = 0; path = Pods_CryptiqTests.framework; sourceTree = BUILT_PRODUCTS_DIR; };
		E47D14C15CE0E3767C03E7DD /* Pods-Cryptiq.debug.xcconfig */ = {isa = PBXFileReference; includeInIndex = 1; lastKnownFileType = text.xcconfig; name = "Pods-Cryptiq.debug.xcconfig"; path = "Target Support Files/Pods-Cryptiq/Pods-Cryptiq.debug.xcconfig"; sourceTree = "<group>"; };
		F4102313E720F9B86B2B15B1 /* Pods_Cryptiq_CryptiqUITests.framework */ = {isa = PBXFileReference; explicitFileType = wrapper.framework; includeInIndex = 0; path = Pods_Cryptiq_CryptiqUITests.framework; sourceTree = BUILT_PRODUCTS_DIR; };
/* End PBXFileReference section */

/* Begin PBXFileSystemSynchronizedRootGroup section */
		BBDA9CB32DCA8C30001685DA /* Cryptiq */ = {
			isa = PBXFileSystemSynchronizedRootGroup;
			path = Cryptiq;
			sourceTree = "<group>";
		};
		BBDA9CC12DCA8C32001685DA /* CryptiqTests */ = {
			isa = PBXFileSystemSynchronizedRootGroup;
			path = CryptiqTests;
			sourceTree = "<group>";
		};
		BBDA9CCB2DCA8C32001685DA /* CryptiqUITests */ = {
			isa = PBXFileSystemSynchronizedRootGroup;
			path = CryptiqUITests;
			sourceTree = "<group>";
		};
/* End PBXFileSystemSynchronizedRootGroup section */

/* Begin PBXFrameworksBuildPhase section */
		BBDA9CAE2DCA8C30001685DA /* Frameworks */ = {
			isa = PBXFrameworksBuildPhase;
			buildActionMask = 2147483647;
			files = (
				7B5D9E764D99BAE6314F868B /* Pods_Cryptiq.framework in Frameworks */,
			);
			runOnlyForDeploymentPostprocessing = 0;
		};
		BBDA9CBB2DCA8C32001685DA /* Frameworks */ = {
			isa = PBXFrameworksBuildPhase;
			buildActionMask = 2147483647;
			files = (
				0B5406D9C2CDC60DE6CB1361 /* Pods_CryptiqTests.framework in Frameworks */,
			);
			runOnlyForDeploymentPostprocessing = 0;
		};
		BBDA9CC52DCA8C32001685DA /* Frameworks */ = {
			isa = PBXFrameworksBuildPhase;
			buildActionMask = 2147483647;
			files = (
				38F97D8375B1E8B565B0389A /* Pods_Cryptiq_CryptiqUITests.framework in Frameworks */,
			);
			runOnlyForDeploymentPostprocessing = 0;
		};
/* End PBXFrameworksBuildPhase section */

/* Begin PBXGroup section */
		69A95BE6A90AA968A5D07507 /* Pods */ = {
			isa = PBXGroup;
			children = (
				E47D14C15CE0E3767C03E7DD /* Pods-Cryptiq.debug.xcconfig */,
				AADFA8BB21EDEB96C450F3F1 /* Pods-Cryptiq.release.xcconfig */,
				68BEC48D7DD20CFFF226C939 /* Pods-Cryptiq-CryptiqUITests.debug.xcconfig */,
				0B1017EA0123690FA4A7484F /* Pods-Cryptiq-CryptiqUITests.release.xcconfig */,
				452BF0DEC842D7DA4C11C5C7 /* Pods-CryptiqTests.debug.xcconfig */,
				A61605CED1DAD7E602AEAD6D /* Pods-CryptiqTests.release.xcconfig */,
			);
			path = Pods;
			sourceTree = "<group>";
		};
		BBDA9CA82DCA8C30001685DA = {
			isa = PBXGroup;
			children = (
				BBDA9CB32DCA8C30001685DA /* Cryptiq */,
				BBDA9CC12DCA8C32001685DA /* CryptiqTests */,
				BBDA9CCB2DCA8C32001685DA /* CryptiqUITests */,
				BBDA9CB22DCA8C30001685DA /* Products */,
				69A95BE6A90AA968A5D07507 /* Pods */,
				D5778D564F7ED6490043E58E /* Frameworks */,
			);
			sourceTree = "<group>";
		};
		BBDA9CB22DCA8C30001685DA /* Products */ = {
			isa = PBXGroup;
			children = (
				BBDA9CB12DCA8C30001685DA /* Cryptiq.app */,
				BBDA9CBE2DCA8C32001685DA /* CryptiqTests.xctest */,
				BBDA9CC82DCA8C32001685DA /* CryptiqUITests.xctest */,
			);
			name = Products;
			sourceTree = "<group>";
		};
		D5778D564F7ED6490043E58E /* Frameworks */ = {
			isa = PBXGroup;
			children = (
				6426D298AD563A1C2B46EFF5 /* Pods_Cryptiq.framework */,
				F4102313E720F9B86B2B15B1 /* Pods_Cryptiq_CryptiqUITests.framework */,
				E1640D879F0E47266AD18435 /* Pods_CryptiqTests.framework */,
			);
			name = Frameworks;
			sourceTree = "<group>";
		};
/* End PBXGroup section */

/* Begin PBXNativeTarget section */
		BBDA9CB02DCA8C30001685DA /* Cryptiq */ = {
			isa = PBXNativeTarget;
			buildConfigurationList = BBDA9CD22DCA8C32001685DA /* Build configuration list for PBXNativeTarget "Cryptiq" */;
			buildPhases = (
				2A4716BB5151B6408C3DF66D /* [CP] Check Pods Manifest.lock */,
				BBDA9CAD2DCA8C30001685DA /* Sources */,
				BBDA9CAE2DCA8C30001685DA /* Frameworks */,
				BBDA9CAF2DCA8C30001685DA /* Resources */,
			);
			buildRules = (
			);
			dependencies = (
			);
			fileSystemSynchronizedGroups = (
				BBDA9CB32DCA8C30001685DA /* Cryptiq */,
			);
			name = Cryptiq;
			productName = Cryptiq;
			productReference = BBDA9CB12DCA8C30001685DA /* Cryptiq.app */;
			productType = "com.apple.product-type.application";
		};
		BBDA9CBD2DCA8C32001685DA /* CryptiqTests */ = {
			isa = PBXNativeTarget;
			buildConfigurationList = BBDA9CD52DCA8C32001685DA /* Build configuration list for PBXNativeTarget "CryptiqTests" */;
			buildPhases = (
				A593394BD403EDBAC271FC30 /* [CP] Check Pods Manifest.lock */,
				BBDA9CBA2DCA8C32001685DA /* Sources */,
				BBDA9CBB2DCA8C32001685DA /* Frameworks */,
				BBDA9CBC2DCA8C32001685DA /* Resources */,
			);
			buildRules = (
			);
			dependencies = (
				BBDA9CC02DCA8C32001685DA /* PBXTargetDependency */,
			);
			fileSystemSynchronizedGroups = (
				BBDA9CC12DCA8C32001685DA /* CryptiqTests */,
			);
			name = CryptiqTests;
			productName = CryptiqTests;
			productReference = BBDA9CBE2DCA8C32001685DA /* CryptiqTests.xctest */;
			productType = "com.apple.product-type.bundle.unit-test";
		};
		BBDA9CC72DCA8C32001685DA /* CryptiqUITests */ = {
			isa = PBXNativeTarget;
			buildConfigurationList = BBDA9CD82DCA8C32001685DA /* Build configuration list for PBXNativeTarget "CryptiqUITests" */;
			buildPhases = (
				6AAFE99D8B7C97AAD8D291ED /* [CP] Check Pods Manifest.lock */,
				BBDA9CC42DCA8C32001685DA /* Sources */,
				BBDA9CC52DCA8C32001685DA /* Frameworks */,
				BBDA9CC62DCA8C32001685DA /* Resources */,
			);
			buildRules = (
			);
			dependencies = (
				BBDA9CCA2DCA8C32001685DA /* PBXTargetDependency */,
			);
			fileSystemSynchronizedGroups = (
				BBDA9CCB2DCA8C32001685DA /* CryptiqUITests */,
			);
			name = CryptiqUITests;
			productName = CryptiqUITests;
			productReference = BBDA9CC82DCA8C32001685DA /* CryptiqUITests.xctest */;
			productType = "com.apple.product-type.bundle.ui-testing";
		};
/* End PBXNativeTarget section */

/* Begin PBXProject section */
		BBDA9CA92DCA8C30001685DA /* Project object */ = {
			isa = PBXProject;
			attributes = {
				BuildIndependentTargetsInParallel = 1;
				LastSwiftUpdateCheck = 1630;
				LastUpgradeCheck = 1630;
				TargetAttributes = {
					BBDA9CB02DCA8C30001685DA = {
						CreatedOnToolsVersion = 16.3;
					};
					BBDA9CBD2DCA8C32001685DA = {
						CreatedOnToolsVersion = 16.3;
						TestTargetID = BBDA9CB02DCA8C30001685DA;
					};
					BBDA9CC72DCA8C32001685DA = {
						CreatedOnToolsVersion = 16.3;
						TestTargetID = BBDA9CB02DCA8C30001685DA;
					};
				};
			};
			buildConfigurationList = BBDA9CAC2DCA8C30001685DA /* Build configuration list for PBXProject "Cryptiq" */;
			developmentRegion = en;
			hasScannedForEncodings = 0;
			knownRegions = (
				en,
				Base,
			);
			mainGroup = BBDA9CA82DCA8C30001685DA;
			minimizedProjectReferenceProxies = 1;
			preferredProjectObjectVersion = 77;
			productRefGroup = BBDA9CB22DCA8C30001685DA /* Products */;
			projectDirPath = "";
			projectRoot = "";
			targets = (
				BBDA9CB02DCA8C30001685DA /* Cryptiq */,
				BBDA9CBD2DCA8C32001685DA /* CryptiqTests */,
				BBDA9CC72DCA8C32001685DA /* CryptiqUITests */,
			);
		};
/* End PBXProject section */

/* Begin PBXResourcesBuildPhase section */
		BBDA9CAF2DCA8C30001685DA /* Resources */ = {
			isa = PBXResourcesBuildPhase;
			buildActionMask = 2147483647;
			files = (
			);
			runOnlyForDeploymentPostprocessing = 0;
		};
		BBDA9CBC2DCA8C32001685DA /* Resources */ = {
			isa = PBXResourcesBuildPhase;
			buildActionMask = 2147483647;
			files = (
			);
			runOnlyForDeploymentPostprocessing = 0;
		};
		BBDA9CC62DCA8C32001685DA /* Resources */ = {
			isa = PBXResourcesBuildPhase;
			buildActionMask = 2147483647;
			files = (
			);
			runOnlyForDeploymentPostprocessing = 0;
		};
/* End PBXResourcesBuildPhase section */

/* Begin PBXShellScriptBuildPhase section */
		2A4716BB5151B6408C3DF66D /* [CP] Check Pods Manifest.lock */ = {
			isa = PBXShellScriptBuildPhase;
			buildActionMask = 2147483647;
			files = (
			);
			inputFileListPaths = (
			);
			inputPaths = (
				"${PODS_PODFILE_DIR_PATH}/Podfile.lock",
				"${PODS_ROOT}/Manifest.lock",
			);
			name = "[CP] Check Pods Manifest.lock";
			outputFileListPaths = (
			);
			outputPaths = (
				"$(DERIVED_FILE_DIR)/Pods-Cryptiq-checkManifestLockResult.txt",
			);
			runOnlyForDeploymentPostprocessing = 0;
			shellPath = /bin/sh;
			shellScript = "diff \"${PODS_PODFILE_DIR_PATH}/Podfile.lock\" \"${PODS_ROOT}/Manifest.lock\" > /dev/null\nif [ $? != 0 ] ; then\n    # print error to STDERR\n    echo \"error: The sandbox is not in sync with the Podfile.lock. Run 'pod install' or update your CocoaPods installation.\" >&2\n    exit 1\nfi\n# This output is used by Xcode 'outputs' to avoid re-running this script phase.\necho \"SUCCESS\" > \"${SCRIPT_OUTPUT_FILE_0}\"\n";
			showEnvVarsInLog = 0;
		};
		6AAFE99D8B7C97AAD8D291ED /* [CP] Check Pods Manifest.lock */ = {
			isa = PBXShellScriptBuildPhase;
			buildActionMask = 2147483647;
			files = (
			);
			inputFileListPaths = (
			);
			inputPaths = (
				"${PODS_PODFILE_DIR_PATH}/Podfile.lock",
				"${PODS_ROOT}/Manifest.lock",
			);
			name = "[CP] Check Pods Manifest.lock";
			outputFileListPaths = (
			);
			outputPaths = (
				"$(DERIVED_FILE_DIR)/Pods-Cryptiq-CryptiqUITests-checkManifestLockResult.txt",
			);
			runOnlyForDeploymentPostprocessing = 0;
			shellPath = /bin/sh;
			shellScript = "diff \"${PODS_PODFILE_DIR_PATH}/Podfile.lock\" \"${PODS_ROOT}/Manifest.lock\" > /dev/null\nif [ $? != 0 ] ; then\n    # print error to STDERR\n    echo \"error: The sandbox is not in sync with the Podfile.lock. Run 'pod install' or update your CocoaPods installation.\" >&2\n    exit 1\nfi\n# This output is used by Xcode 'outputs' to avoid re-running this script phase.\necho \"SUCCESS\" > \"${SCRIPT_OUTPUT_FILE_0}\"\n";
			showEnvVarsInLog = 0;
		};
		A593394BD403EDBAC271FC30 /* [CP] Check Pods Manifest.lock */ = {
			isa = PBXShellScriptBuildPhase;
			buildActionMask = 2147483647;
			files = (
			);
			inputFileListPaths = (
			);
			inputPaths = (
				"${PODS_PODFILE_DIR_PATH}/Podfile.lock",
				"${PODS_ROOT}/Manifest.lock",
			);
			name = "[CP] Check Pods Manifest.lock";
			outputFileListPaths = (
			);
			outputPaths = (
				"$(DERIVED_FILE_DIR)/Pods-CryptiqTests-checkManifestLockResult.txt",
			);
			runOnlyForDeploymentPostprocessing = 0;
			shellPath = /bin/sh;
			shellScript = "diff \"${PODS_PODFILE_DIR_PATH}/Podfile.lock\" \"${PODS_ROOT}/Manifest.lock\" > /dev/null\nif [ $? != 0 ] ; then\n    # print error to STDERR\n    echo \"error: The sandbox is not in sync with the Podfile.lock. Run 'pod install' or update your CocoaPods installation.\" >&2\n    exit 1\nfi\n# This output is used by Xcode 'outputs' to avoid re-running this script phase.\necho \"SUCCESS\" > \"${SCRIPT_OUTPUT_FILE_0}\"\n";
			showEnvVarsInLog = 0;
		};
/* End PBXShellScriptBuildPhase section */

/* Begin PBXSourcesBuildPhase section */
		BBDA9CAD2DCA8C30001685DA /* Sources */ = {
			isa = PBXSourcesBuildPhase;
			buildActionMask = 2147483647;
			files = (
			);
			runOnlyForDeploymentPostprocessing = 0;
		};
		BBDA9CBA2DCA8C32001685DA /* Sources */ = {
			isa = PBXSourcesBuildPhase;
			buildActionMask = 2147483647;
			files = (
			);
			runOnlyForDeploymentPostprocessing = 0;
		};
		BBDA9CC42DCA8C32001685DA /* Sources */ = {
			isa = PBXSourcesBuildPhase;
			buildActionMask = 2147483647;
			files = (
			);
			runOnlyForDeploymentPostprocessing = 0;
		};
/* End PBXSourcesBuildPhase section */

/* Begin PBXTargetDependency section */
		BBDA9CC02DCA8C32001685DA /* PBXTargetDependency */ = {
			isa = PBXTargetDependency;
			target = BBDA9CB02DCA8C30001685DA /* Cryptiq */;
			targetProxy = BBDA9CBF2DCA8C32001685DA /* PBXContainerItemProxy */;
		};
		BBDA9CCA2DCA8C32001685DA /* PBXTargetDependency */ = {
			isa = PBXTargetDependency;
			target = BBDA9CB02DCA8C30001685DA /* Cryptiq */;
			targetProxy = BBDA9CC92DCA8C32001685DA /* PBXContainerItemProxy */;
		};
/* End PBXTargetDependency section */

/* Begin XCBuildConfiguration section */
		BBDA9CD02DCA8C32001685DA /* Debug */ = {
			isa = XCBuildConfiguration;
			buildSettings = {
				ALWAYS_SEARCH_USER_PATHS = NO;
				ASSETCATALOG_COMPILER_GENERATE_SWIFT_ASSET_SYMBOL_EXTENSIONS = YES;
				CLANG_ANALYZER_NONNULL = YES;
				CLANG_ANALYZER_NUMBER_OBJECT_CONVERSION = YES_AGGRESSIVE;
				CLANG_CXX_LANGUAGE_STANDARD = "gnu++20";
				CLANG_ENABLE_MODULES = YES;
				CLANG_ENABLE_OBJC_ARC = YES;
				CLANG_ENABLE_OBJC_WEAK = YES;
				CLANG_WARN_BLOCK_CAPTURE_AUTORELEASING = YES;
				CLANG_WARN_BOOL_CONVERSION = YES;
				CLANG_WARN_COMMA = YES;
				CLANG_WARN_CONSTANT_CONVERSION = YES;
				CLANG_WARN_DEPRECATED_OBJC_IMPLEMENTATIONS = YES;
				CLANG_WARN_DIRECT_OBJC_ISA_USAGE = YES_ERROR;
				CLANG_WARN_DOCUMENTATION_COMMENTS = YES;
				CLANG_WARN_EMPTY_BODY = YES;
				CLANG_WARN_ENUM_CONVERSION = YES;
				CLANG_WARN_INFINITE_RECURSION = YES;
				CLANG_WARN_INT_CONVERSION = YES;
				CLANG_WARN_NON_LITERAL_NULL_CONVERSION = YES;
				CLANG_WARN_OBJC_IMPLICIT_RETAIN_SELF = YES;
				CLANG_WARN_OBJC_LITERAL_CONVERSION = YES;
				CLANG_WARN_OBJC_ROOT_CLASS = YES_ERROR;
				CLANG_WARN_QUOTED_INCLUDE_IN_FRAMEWORK_HEADER = YES;
				CLANG_WARN_RANGE_LOOP_ANALYSIS = YES;
				CLANG_WARN_STRICT_PROTOTYPES = YES;
				CLANG_WARN_SUSPICIOUS_MOVE = YES;
				CLANG_WARN_UNGUARDED_AVAILABILITY = YES_AGGRESSIVE;
				CLANG_WARN_UNREACHABLE_CODE = YES;
				CLANG_WARN__DUPLICATE_METHOD_MATCH = YES;
				COPY_PHASE_STRIP = NO;
				DEBUG_INFORMATION_FORMAT = dwarf;
				ENABLE_STRICT_OBJC_MSGSEND = YES;
				ENABLE_TESTABILITY = YES;
				ENABLE_USER_SCRIPT_SANDBOXING = YES;
				GCC_C_LANGUAGE_STANDARD = gnu17;
				GCC_DYNAMIC_NO_PIC = NO;
				GCC_NO_COMMON_BLOCKS = YES;
				GCC_OPTIMIZATION_LEVEL = 0;
				GCC_PREPROCESSOR_DEFINITIONS = (
					"DEBUG=1",
					"$(inherited)",
				);
				GCC_WARN_64_TO_32_BIT_CONVERSION = YES;
				GCC_WARN_ABOUT_RETURN_TYPE = YES_ERROR;
				GCC_WARN_UNDECLARED_SELECTOR = YES;
				GCC_WARN_UNINITIALIZED_AUTOS = YES_AGGRESSIVE;
				GCC_WARN_UNUSED_FUNCTION = YES;
				GCC_WARN_UNUSED_VARIABLE = YES;
				IPHONEOS_DEPLOYMENT_TARGET = 18.4;
				LOCALIZATION_PREFERS_STRING_CATALOGS = YES;
				MTL_ENABLE_DEBUG_INFO = INCLUDE_SOURCE;
				MTL_FAST_MATH = YES;
				ONLY_ACTIVE_ARCH = YES;
				SDKROOT = iphoneos;
				SWIFT_ACTIVE_COMPILATION_CONDITIONS = "DEBUG $(inherited)";
				SWIFT_OPTIMIZATION_LEVEL = "-Onone";
			};
			name = Debug;
		};
		BBDA9CD12DCA8C32001685DA /* Release */ = {
			isa = XCBuildConfiguration;
			buildSettings = {
				ALWAYS_SEARCH_USER_PATHS = NO;
				ASSETCATALOG_COMPILER_GENERATE_SWIFT_ASSET_SYMBOL_EXTENSIONS = YES;
				CLANG_ANALYZER_NONNULL = YES;
				CLANG_ANALYZER_NUMBER_OBJECT_CONVERSION = YES_AGGRESSIVE;
				CLANG_CXX_LANGUAGE_STANDARD = "gnu++20";
				CLANG_ENABLE_MODULES = YES;
				CLANG_ENABLE_OBJC_ARC = YES;
				CLANG_ENABLE_OBJC_WEAK = YES;
				CLANG_WARN_BLOCK_CAPTURE_AUTORELEASING = YES;
				CLANG_WARN_BOOL_CONVERSION = YES;
				CLANG_WARN_COMMA = YES;
				CLANG_WARN_CONSTANT_CONVERSION = YES;
				CLANG_WARN_DEPRECATED_OBJC_IMPLEMENTATIONS = YES;
				CLANG_WARN_DIRECT_OBJC_ISA_USAGE = YES_ERROR;
				CLANG_WARN_DOCUMENTATION_COMMENTS = YES;
				CLANG_WARN_EMPTY_BODY = YES;
				CLANG_WARN_ENUM_CONVERSION = YES;
				CLANG_WARN_INFINITE_RECURSION = YES;
				CLANG_WARN_INT_CONVERSION = YES;
				CLANG_WARN_NON_LITERAL_NULL_CONVERSION = YES;
				CLANG_WARN_OBJC_IMPLICIT_RETAIN_SELF = YES;
				CLANG_WARN_OBJC_LITERAL_CONVERSION = YES;
				CLANG_WARN_OBJC_ROOT_CLASS = YES_ERROR;
				CLANG_WARN_QUOTED_INCLUDE_IN_FRAMEWORK_HEADER = YES;
				CLANG_WARN_RANGE_LOOP_ANALYSIS = YES;
				CLANG_WARN_STRICT_PROTOTYPES = YES;
				CLANG_WARN_SUSPICIOUS_MOVE = YES;
				CLANG_WARN_UNGUARDED_AVAILABILITY = YES_AGGRESSIVE;
				CLANG_WARN_UNREACHABLE_CODE = YES;
				CLANG_WARN__DUPLICATE_METHOD_MATCH = YES;
				COPY_PHASE_STRIP = NO;
				DEBUG_INFORMATION_FORMAT = "dwarf-with-dsym";
				ENABLE_NS_ASSERTIONS = NO;
				ENABLE_STRICT_OBJC_MSGSEND = YES;
				ENABLE_USER_SCRIPT_SANDBOXING = YES;
				GCC_C_LANGUAGE_STANDARD = gnu17;
				GCC_NO_COMMON_BLOCKS = YES;
				GCC_WARN_64_TO_32_BIT_CONVERSION = YES;
				GCC_WARN_ABOUT_RETURN_TYPE = YES_ERROR;
				GCC_WARN_UNDECLARED_SELECTOR = YES;
				GCC_WARN_UNINITIALIZED_AUTOS = YES_AGGRESSIVE;
				GCC_WARN_UNUSED_FUNCTION = YES;
				GCC_WARN_UNUSED_VARIABLE = YES;
				IPHONEOS_DEPLOYMENT_TARGET = 18.4;
				LOCALIZATION_PREFERS_STRING_CATALOGS = YES;
				MTL_ENABLE_DEBUG_INFO = NO;
				MTL_FAST_MATH = YES;
				SDKROOT = iphoneos;
				SWIFT_COMPILATION_MODE = wholemodule;
				VALIDATE_PRODUCT = YES;
			};
			name = Release;
		};
		BBDA9CD32DCA8C32001685DA /* Debug */ = {
			isa = XCBuildConfiguration;
			baseConfigurationReference = E47D14C15CE0E3767C03E7DD /* Pods-Cryptiq.debug.xcconfig */;
			buildSettings = {
				ASSETCATALOG_COMPILER_APPICON_NAME = AppIcon;
				ASSETCATALOG_COMPILER_GLOBAL_ACCENT_COLOR_NAME = AccentColor;
				CODE_SIGN_STYLE = Automatic;
				CURRENT_PROJECT_VERSION = 1;
				ENABLE_PREVIEWS = YES;
				GENERATE_INFOPLIST_FILE = YES;
				INFOPLIST_KEY_UIApplicationSceneManifest_Generation = YES;
				INFOPLIST_KEY_UIApplicationSupportsIndirectInputEvents = YES;
				INFOPLIST_KEY_UILaunchScreen_Generation = YES;
				INFOPLIST_KEY_UISupportedInterfaceOrientations = UIInterfaceOrientationPortrait;
				IPHONEOS_DEPLOYMENT_TARGET = 16.6;
				LD_RUNPATH_SEARCH_PATHS = (
					"$(inherited)",
					"@executable_path/Frameworks",
				);
				MARKETING_VERSION = 1.0;
				PRODUCT_BUNDLE_IDENTIFIER = com.Cryptiq;
				PRODUCT_NAME = "$(TARGET_NAME)";
				SWIFT_EMIT_LOC_STRINGS = YES;
				SWIFT_VERSION = 5.0;
				TARGETED_DEVICE_FAMILY = "1,2";
			};
			name = Debug;
		};
		BBDA9CD42DCA8C32001685DA /* Release */ = {
			isa = XCBuildConfiguration;
			baseConfigurationReference = AADFA8BB21EDEB96C450F3F1 /* Pods-Cryptiq.release.xcconfig */;
			buildSettings = {
				ASSETCATALOG_COMPILER_APPICON_NAME = AppIcon;
				ASSETCATALOG_COMPILER_GLOBAL_ACCENT_COLOR_NAME = AccentColor;
				CODE_SIGN_STYLE = Automatic;
				CURRENT_PROJECT_VERSION = 1;
				ENABLE_PREVIEWS = YES;
				GENERATE_INFOPLIST_FILE = YES;
				INFOPLIST_KEY_UIApplicationSceneManifest_Generation = YES;
				INFOPLIST_KEY_UIApplicationSupportsIndirectInputEvents = YES;
				INFOPLIST_KEY_UILaunchScreen_Generation = YES;
				INFOPLIST_KEY_UISupportedInterfaceOrientations = UIInterfaceOrientationPortrait;
				IPHONEOS_DEPLOYMENT_TARGET = 16.6;
				LD_RUNPATH_SEARCH_PATHS = (
					"$(inherited)",
					"@executable_path/Frameworks",
				);
				MARKETING_VERSION = 1.0;
				PRODUCT_BUNDLE_IDENTIFIER = com.Cryptiq;
				PRODUCT_NAME = "$(TARGET_NAME)";
				SWIFT_EMIT_LOC_STRINGS = YES;
				SWIFT_VERSION = 5.0;
				TARGETED_DEVICE_FAMILY = "1,2";
			};
			name = Release;
		};
		BBDA9CD62DCA8C32001685DA /* Debug */ = {
			isa = XCBuildConfiguration;
			baseConfigurationReference = 452BF0DEC842D7DA4C11C5C7 /* Pods-CryptiqTests.debug.xcconfig */;
			buildSettings = {
				BUNDLE_LOADER = "$(TEST_HOST)";
				CODE_SIGN_STYLE = Automatic;
				CURRENT_PROJECT_VERSION = 1;
				GENERATE_INFOPLIST_FILE = YES;
				IPHONEOS_DEPLOYMENT_TARGET = 18.4;
				MARKETING_VERSION = 1.0;
				PRODUCT_BUNDLE_IDENTIFIER = com.CryptiqTests;
				PRODUCT_NAME = "$(TARGET_NAME)";
				SWIFT_EMIT_LOC_STRINGS = NO;
				SWIFT_VERSION = 5.0;
				TARGETED_DEVICE_FAMILY = "1,2";
				TEST_HOST = "$(BUILT_PRODUCTS_DIR)/Cryptiq.app/$(BUNDLE_EXECUTABLE_FOLDER_PATH)/Cryptiq";
			};
			name = Debug;
		};
		BBDA9CD72DCA8C32001685DA /* Release */ = {
			isa = XCBuildConfiguration;
			baseConfigurationReference = A61605CED1DAD7E602AEAD6D /* Pods-CryptiqTests.release.xcconfig */;
			buildSettings = {
				BUNDLE_LOADER = "$(TEST_HOST)";
				CODE_SIGN_STYLE = Automatic;
				CURRENT_PROJECT_VERSION = 1;
				GENERATE_INFOPLIST_FILE = YES;
				IPHONEOS_DEPLOYMENT_TARGET = 18.4;
				MARKETING_VERSION = 1.0;
				PRODUCT_BUNDLE_IDENTIFIER = com.CryptiqTests;
				PRODUCT_NAME = "$(TARGET_NAME)";
				SWIFT_EMIT_LOC_STRINGS = NO;
				SWIFT_VERSION = 5.0;
				TARGETED_DEVICE_FAMILY = "1,2";
				TEST_HOST = "$(BUILT_PRODUCTS_DIR)/Cryptiq.app/$(BUNDLE_EXECUTABLE_FOLDER_PATH)/Cryptiq";
			};
			name = Release;
		};
		BBDA9CD92DCA8C32001685DA /* Debug */ = {
			isa = XCBuildConfiguration;
			baseConfigurationReference = 68BEC48D7DD20CFFF226C939 /* Pods-Cryptiq-CryptiqUITests.debug.xcconfig */;
			buildSettings = {
				CODE_SIGN_STYLE = Automatic;
				CURRENT_PROJECT_VERSION = 1;
				GENERATE_INFOPLIST_FILE = YES;
				MARKETING_VERSION = 1.0;
				PRODUCT_BUNDLE_IDENTIFIER = com.CryptiqUITests;
				PRODUCT_NAME = "$(TARGET_NAME)";
				SWIFT_EMIT_LOC_STRINGS = NO;
				SWIFT_VERSION = 5.0;
				TARGETED_DEVICE_FAMILY = "1,2";
				TEST_TARGET_NAME = Cryptiq;
			};
			name = Debug;
		};
		BBDA9CDA2DCA8C32001685DA /* Release */ = {
			isa = XCBuildConfiguration;
			baseConfigurationReference = 0B1017EA0123690FA4A7484F /* Pods-Cryptiq-CryptiqUITests.release.xcconfig */;
			buildSettings = {
				CODE_SIGN_STYLE = Automatic;
				CURRENT_PROJECT_VERSION = 1;
				GENERATE_INFOPLIST_FILE = YES;
				MARKETING_VERSION = 1.0;
				PRODUCT_BUNDLE_IDENTIFIER = com.CryptiqUITests;
				PRODUCT_NAME = "$(TARGET_NAME)";
				SWIFT_EMIT_LOC_STRINGS = NO;
				SWIFT_VERSION = 5.0;
				TARGETED_DEVICE_FAMILY = "1,2";
				TEST_TARGET_NAME = Cryptiq;
			};
			name = Release;
		};
/* End XCBuildConfiguration section */

/* Begin XCConfigurationList section */
		BBDA9CAC2DCA8C30001685DA /* Build configuration list for PBXProject "Cryptiq" */ = {
			isa = XCConfigurationList;
			buildConfigurations = (
				BBDA9CD02DCA8C32001685DA /* Debug */,
				BBDA9CD12DCA8C32001685DA /* Release */,
			);
			defaultConfigurationIsVisible = 0;
			defaultConfigurationName = Release;
		};
		BBDA9CD22DCA8C32001685DA /* Build configuration list for PBXNativeTarget "Cryptiq" */ = {
			isa = XCConfigurationList;
			buildConfigurations = (
				BBDA9CD32DCA8C32001685DA /* Debug */,
				BBDA9CD42DCA8C32001685DA /* Release */,
			);
			defaultConfigurationIsVisible = 0;
			defaultConfigurationName = Release;
		};
		BBDA9CD52DCA8C32001685DA /* Build configuration list for PBXNativeTarget "CryptiqTests" */ = {
			isa = XCConfigurationList;
			buildConfigurations = (
				BBDA9CD62DCA8C32001685DA /* Debug */,
				BBDA9CD72DCA8C32001685DA /* Release */,
			);
			defaultConfigurationIsVisible = 0;
			defaultConfigurationName = Release;
		};
		BBDA9CD82DCA8C32001685DA /* Build configuration list for PBXNativeTarget "CryptiqUITests" */ = {
			isa = XCConfigurationList;
			buildConfigurations = (
				BBDA9CD92DCA8C32001685DA /* Debug */,
				BBDA9CDA2DCA8C32001685DA /* Release */,
			);
			defaultConfigurationIsVisible = 0;
			defaultConfigurationName = Release;
		};
/* End XCConfigurationList section */
	};
	rootObject = BBDA9CA92DCA8C30001685DA /* Project object */;
}
